
Microsoft Visual Studio Solution File, Format Version 12.00
# Visual Studio Version 17
VisualStudioVersion = 17.13.35913.81 d17.13
MinimumVisualStudioVersion = 10.0.40219.1
Project("{FAE04EC0-301F-11D3-BF4B-00C04F79EFBC}") = "ConsoleApp1", "ConsoleApp1\ConsoleApp1.csproj", "{092BC3E6-062E-4A4C-ABDF-1C3887A4F5F3}"
EndProject
Global
	GlobalSection(SolutionConfigurationPlatforms) = preSolution
		Debug|Any CPU = Debug|Any CPU
		Release|Any CPU = Release|Any CPU
	EndGlobalSection
	GlobalSection(ProjectConfigurationPlatforms) = postSolution
		{092BC3E6-062E-4A4C-ABDF-1C3887A4F5F3}.Debug|Any CPU.ActiveCfg = Debug|Any CPU
		{092BC3E6-062E-4A4C-ABDF-1C3887A4F5F3}.Debug|Any CPU.Build.0 = Debug|Any CPU
		{092BC3E6-062E-4A4C-ABDF-1C3887A4F5F3}.Release|Any CPU.ActiveCfg = Release|Any CPU
		{092BC3E6-062E-4A4C-ABDF-1C3887A4F5F3}.Release|Any CPU.Build.0 = Release|Any CPU
	EndGlobalSection
	GlobalSection(SolutionProperties) = preSolution
		HideSolutionNode = FALSE
	EndGlobalSection
	GlobalSection(ExtensibilityGlobals) = postSolution
		SolutionGuid = {32623399-5298-4010-8C55-493595F8707D}
	EndGlobalSection
EndGlobal
